// !$*UTF8*$!
{
	archiveVersion = 1;
	classes = {
	};
	objectVersion = 56;
	objects = {

/* Begin PBXBuildFile section */
		890BE6952A67E01600B56DD2 /* ColorShareCardItem.swift in Sources */ = {isa = PBXBuildFile; fileRef = 890BE6942A67E01600B56DD2 /* ColorShareCardItem.swift */; };
		894978E92A78F83800BEAC77 /* HapticManager.swift in Sources */ = {isa = PBXBuildFile; fileRef = 894978E82A78F83800BEAC77 /* HapticManager.swift */; };
		8982F4512AAC62FD00FA2718 /* SplashScreen.storyboard in Resources */ = {isa = PBXBuildFile; fileRef = 8982F4532AAC62FD00FA2718 /* SplashScreen.storyboard */; };
		898337F72A55506100A815B7 /* ReadData.swift in Sources */ = {isa = PBXBuildFile; fileRef = 898337F62A55506100A815B7 /* ReadData.swift */; };
		89A2F59A2A53E5E500C59108 /* ContentView.swift in Sources */ = {isa = PBXBuildFile; fileRef = 89A2F5992A53E5E500C59108 /* ContentView.swift */; };
		89A2F59C2A53E5E600C59108 /* Assets.xcassets in Resources */ = {isa = PBXBuildFile; fileRef = 89A2F59B2A53E5E600C59108 /* Assets.xcassets */; };
		89A2F5A72A53FBA300C59108 /* OriginalColor.swift in Sources */ = {isa = PBXBuildFile; fileRef = 89A2F5A62A53FBA300C59108 /* OriginalColor.swift */; };
		89A4A9F22A57E00400BF6135 /* OriginalColorApp.swift in Sources */ = {isa = PBXBuildFile; fileRef = 89A4A9F12A57E00400BF6135 /* OriginalColorApp.swift */; };
		89A4A9F42A57F0E200BF6135 /* ColorUtils.swift in Sources */ = {isa = PBXBuildFile; fileRef = 89A4A9F32A57F0E200BF6135 /* ColorUtils.swift */; };
		89A4A9F62A57F47B00BF6135 /* SettingsScreen.swift in Sources */ = {isa = PBXBuildFile; fileRef = 89A4A9F52A57F47B00BF6135 /* SettingsScreen.swift */; };
		89A4A9F82A57F49600BF6135 /* ColorItemView.swift in Sources */ = {isa = PBXBuildFile; fileRef = 89A4A9F72A57F49600BF6135 /* ColorItemView.swift */; };
		89A4A9FA2A57FE2700BF6135 /* FilterView.swift in Sources */ = {isa = PBXBuildFile; fileRef = 89A4A9F92A57FE2700BF6135 /* FilterView.swift */; };
		89B5563B2A5A7F4500F1780C /* ColorViewModel.swift in Sources */ = {isa = PBXBuildFile; fileRef = 89B5563A2A5A7F4500F1780C /* ColorViewModel.swift */; };
		89B5563D2A5AA51200F1780C /* ColorDetailItem.swift in Sources */ = {isa = PBXBuildFile; fileRef = 89B5563C2A5AA51200F1780C /* ColorDetailItem.swift */; };
		89CF40DD2A595E6200D5BC1D /* colors.json in Resources */ = {isa = PBXBuildFile; fileRef = 89CF40DC2A595E6200D5BC1D /* colors.json */; };
		89D0F9292AAC083200E6FA08 /* Localizable.strings in Resources */ = {isa = PBXBuildFile; fileRef = 89D0F92B2AAC083200E6FA08 /* Localizable.strings */; };
		89D94FD42A5D3C9D004E818B /* CopyListView.swift in Sources */ = {isa = PBXBuildFile; fileRef = 89D94FD32A5D3C9D004E818B /* CopyListView.swift */; };
/* End PBXBuildFile section */

/* Begin PBXFileReference section */
		890BE6942A67E01600B56DD2 /* ColorShareCardItem.swift */ = {isa = PBXFileReference; lastKnownFileType = sourcecode.swift; path = ColorShareCardItem.swift; sourceTree = "<group>"; };
		894978E82A78F83800BEAC77 /* HapticManager.swift */ = {isa = PBXFileReference; lastKnownFileType = sourcecode.swift; path = HapticManager.swift; sourceTree = "<group>"; };
		8982F4522AAC62FD00FA2718 /* Base */ = {isa = PBXFileReference; lastKnownFileType = file.storyboard; name = Base; path = Base.lproj/SplashScreen.storyboard; sourceTree = "<group>"; };
		8982F4552AAC630000FA2718 /* zh-Hans */ = {isa = PBXFileReference; lastKnownFileType = text.plist.strings; name = "zh-Hans"; path = "zh-Hans.lproj/SplashScreen.strings"; sourceTree = "<group>"; };
		8982F4572AAC630000FA2718 /* en */ = {isa = PBXFileReference; lastKnownFileType = text.plist.strings; name = en; path = en.lproj/SplashScreen.strings; sourceTree = "<group>"; };
		898337F62A55506100A815B7 /* ReadData.swift */ = {isa = PBXFileReference; lastKnownFileType = sourcecode.swift; path = ReadData.swift; sourceTree = "<group>"; };
		89A2F5942A53E5E500C59108 /* OriginalColor.app */ = {isa = PBXFileReference; explicitFileType = wrapper.application; includeInIndex = 0; path = OriginalColor.app; sourceTree = BUILT_PRODUCTS_DIR; };
		89A2F5992A53E5E500C59108 /* ContentView.swift */ = {isa = PBXFileReference; lastKnownFileType = sourcecode.swift; path = ContentView.swift; sourceTree = "<group>"; };
		89A2F59B2A53E5E600C59108 /* Assets.xcassets */ = {isa = PBXFileReference; lastKnownFileType = folder.assetcatalog; path = Assets.xcassets; sourceTree = "<group>"; };
		89A2F59D2A53E5E600C59108 /* OriginalColor.entitlements */ = {isa = PBXFileReference; lastKnownFileType = text.plist.entitlements; path = OriginalColor.entitlements; sourceTree = "<group>"; };
		89A2F5A62A53FBA300C59108 /* OriginalColor.swift */ = {isa = PBXFileReference; lastKnownFileType = sourcecode.swift; path = OriginalColor.swift; sourceTree = "<group>"; };
		89A4A9F12A57E00400BF6135 /* OriginalColorApp.swift */ = {isa = PBXFileReference; lastKnownFileType = sourcecode.swift; path = OriginalColorApp.swift; sourceTree = "<group>"; };
		89A4A9F32A57F0E200BF6135 /* ColorUtils.swift */ = {isa = PBXFileReference; lastKnownFileType = sourcecode.swift; path = ColorUtils.swift; sourceTree = "<group>"; };
		89A4A9F52A57F47B00BF6135 /* SettingsScreen.swift */ = {isa = PBXFileReference; lastKnownFileType = sourcecode.swift; path = SettingsScreen.swift; sourceTree = "<group>"; };
		89A4A9F72A57F49600BF6135 /* ColorItemView.swift */ = {isa = PBXFileReference; lastKnownFileType = sourcecode.swift; path = ColorItemView.swift; sourceTree = "<group>"; };
		89A4A9F92A57FE2700BF6135 /* FilterView.swift */ = {isa = PBXFileReference; lastKnownFileType = sourcecode.swift; path = FilterView.swift; sourceTree = "<group>"; };
		89A806422A6A7E7400CC963D /* Info.plist */ = {isa = PBXFileReference; lastKnownFileType = text.plist; path = Info.plist; sourceTree = "<group>"; };
		89B5563A2A5A7F4500F1780C /* ColorViewModel.swift */ = {isa = PBXFileReference; lastKnownFileType = sourcecode.swift; path = ColorViewModel.swift; sourceTree = "<group>"; };
		89B5563C2A5AA51200F1780C /* ColorDetailItem.swift */ = {isa = PBXFileReference; lastKnownFileType = sourcecode.swift; path = ColorDetailItem.swift; sourceTree = "<group>"; };
		89CF40DC2A595E6200D5BC1D /* colors.json */ = {isa = PBXFileReference; fileEncoding = 4; lastKnownFileType = text.json; path = colors.json; sourceTree = "<group>"; };
		89D0F92A2AAC083200E6FA08 /* en */ = {isa = PBXFileReference; lastKnownFileType = text.plist.strings; name = en; path = en.lproj/Localizable.strings; sourceTree = "<group>"; };
		89D0F92C2AAC083B00E6FA08 /* zh-Hans */ = {isa = PBXFileReference; lastKnownFileType = text.plist.strings; name = "zh-Hans"; path = "zh-Hans.lproj/Localizable.strings"; sourceTree = "<group>"; };
		89D94FD32A5D3C9D004E818B /* CopyListView.swift */ = {isa = PBXFileReference; lastKnownFileType = sourcecode.swift; path = CopyListView.swift; sourceTree = "<group>"; };
/* End PBXFileReference section */

/* Begin PBXFrameworksBuildPhase section */
		89A2F5912A53E5E500C59108 /* Frameworks */ = {
			isa = PBXFrameworksBuildPhase;
			buildActionMask = 2147483647;
			files = (
			);
			runOnlyForDeploymentPostprocessing = 0;
		};
/* End PBXFrameworksBuildPhase section */

/* Begin PBXGroup section */
		890BE6912A67DEFD00B56DD2 /* ViewModels */ = {
			isa = PBXGroup;
			children = (
				89B5563A2A5A7F4500F1780C /* ColorViewModel.swift */,
			);
			path = ViewModels;
			sourceTree = "<group>";
		};
		890BE6922A67DFA700B56DD2 /* Models */ = {
			isa = PBXGroup;
			children = (
				89A2F5A62A53FBA300C59108 /* OriginalColor.swift */,
			);
			path = Models;
			sourceTree = "<group>";
		};
		890BE6932A67DFC200B56DD2 /* Views */ = {
			isa = PBXGroup;
			children = (
				89A4A9F52A57F47B00BF6135 /* SettingsScreen.swift */,
				89A4A9F72A57F49600BF6135 /* ColorItemView.swift */,
				89A4A9F92A57FE2700BF6135 /* FilterView.swift */,
				89B5563C2A5AA51200F1780C /* ColorDetailItem.swift */,
				89D94FD32A5D3C9D004E818B /* CopyListView.swift */,
				89A2F5992A53E5E500C59108 /* ContentView.swift */,
				890BE6942A67E01600B56DD2 /* ColorShareCardItem.swift */,
			);
			path = Views;
			sourceTree = "<group>";
		};
		89A2F58B2A53E5E500C59108 = {
			isa = PBXGroup;
			children = (
				89D0F92B2AAC083200E6FA08 /* Localizable.strings */,
				8982F4532AAC62FD00FA2718 /* SplashScreen.storyboard */,
				89A2F5962A53E5E500C59108 /* OriginalColor */,
				89A2F5952A53E5E500C59108 /* Products */,
			);
			sourceTree = "<group>";
		};
		89A2F5952A53E5E500C59108 /* Products */ = {
			isa = PBXGroup;
			children = (
				89A2F5942A53E5E500C59108 /* OriginalColor.app */,
			);
			name = Products;
			sourceTree = "<group>";
		};
		89A2F5962A53E5E500C59108 /* OriginalColor */ = {
			isa = PBXGroup;
			children = (
				89A806422A6A7E7400CC963D /* Info.plist */,
				890BE6932A67DFC200B56DD2 /* Views */,
				890BE6922A67DFA700B56DD2 /* Models */,
				890BE6912A67DEFD00B56DD2 /* ViewModels */,
				89A4A9F12A57E00400BF6135 /* OriginalColorApp.swift */,
				898337F62A55506100A815B7 /* ReadData.swift */,
				89A2F59B2A53E5E600C59108 /* Assets.xcassets */,
				89A2F59D2A53E5E600C59108 /* OriginalColor.entitlements */,
				89A2F59E2A53E5E600C59108 /* Preview Content */,
				89A4A9F32A57F0E200BF6135 /* ColorUtils.swift */,
				89CF40DC2A595E6200D5BC1D /* colors.json */,
				894978E82A78F83800BEAC77 /* HapticManager.swift */,
			);
			path = OriginalColor;
			sourceTree = "<group>";
		};
		89A2F59E2A53E5E600C59108 /* Preview Content */ = {
			isa = PBXGroup;
			children = (
			);
			path = "Preview Content";
			sourceTree = "<group>";
		};
/* End PBXGroup section */

/* Begin PBXNativeTarget section */
		89A2F5932A53E5E500C59108 /* OriginalColor */ = {
			isa = PBXNativeTarget;
			buildConfigurationList = 89A2F5A32A53E5E600C59108 /* Build configuration list for PBXNativeTarget "OriginalColor" */;
			buildPhases = (
				89A2F5902A53E5E500C59108 /* Sources */,
				89A2F5912A53E5E500C59108 /* Frameworks */,
				89A2F5922A53E5E500C59108 /* Resources */,
			);
			buildRules = (
			);
			dependencies = (
			);
			name = OriginalColor;
			productName = OriginalColor;
			productReference = 89A2F5942A53E5E500C59108 /* OriginalColor.app */;
			productType = "com.apple.product-type.application";
		};
/* End PBXNativeTarget section */

/* Begin PBXProject section */
		89A2F58C2A53E5E500C59108 /* Project object */ = {
			isa = PBXProject;
			attributes = {
				BuildIndependentTargetsInParallel = 1;
				LastSwiftUpdateCheck = 1420;
				LastUpgradeCheck = 1420;
				TargetAttributes = {
					89A2F5932A53E5E500C59108 = {
						CreatedOnToolsVersion = 14.2;
					};
				};
			};
			buildConfigurationList = 89A2F58F2A53E5E500C59108 /* Build configuration list for PBXProject "OriginalColor" */;
			compatibilityVersion = "Xcode 14.0";
			developmentRegion = en;
			hasScannedForEncodings = 0;
			knownRegions = (
				en,
				Base,
				"zh-Hans",
			);
			mainGroup = 89A2F58B2A53E5E500C59108;
			productRefGroup = 89A2F5952A53E5E500C59108 /* Products */;
			projectDirPath = "";
			projectRoot = "";
			targets = (
				89A2F5932A53E5E500C59108 /* OriginalColor */,
			);
		};
/* End PBXProject section */

/* Begin PBXResourcesBuildPhase section */
		89A2F5922A53E5E500C59108 /* Resources */ = {
			isa = PBXResourcesBuildPhase;
			buildActionMask = 2147483647;
			files = (
				89A2F59C2A53E5E600C59108 /* Assets.xcassets in Resources */,
				89D0F9292AAC083200E6FA08 /* Localizable.strings in Resources */,
				8982F4512AAC62FD00FA2718 /* SplashScreen.storyboard in Resources */,
				89CF40DD2A595E6200D5BC1D /* colors.json in Resources */,
			);
			runOnlyForDeploymentPostprocessing = 0;
		};
/* End PBXResourcesBuildPhase section */

/* Begin PBXSourcesBuildPhase section */
		89A2F5902A53E5E500C59108 /* Sources */ = {
			isa = PBXSourcesBuildPhase;
			buildActionMask = 2147483647;
			files = (
				894978E92A78F83800BEAC77 /* HapticManager.swift in Sources */,
				89A4A9FA2A57FE2700BF6135 /* FilterView.swift in Sources */,
				89B5563D2A5AA51200F1780C /* ColorDetailItem.swift in Sources */,
				89A2F5A72A53FBA300C59108 /* OriginalColor.swift in Sources */,
				89D94FD42A5D3C9D004E818B /* CopyListView.swift in Sources */,
				89A4A9F42A57F0E200BF6135 /* ColorUtils.swift in Sources */,
				89A2F59A2A53E5E500C59108 /* ContentView.swift in Sources */,
				890BE6952A67E01600B56DD2 /* ColorShareCardItem.swift in Sources */,
				89A4A9F22A57E00400BF6135 /* OriginalColorApp.swift in Sources */,
				89A4A9F62A57F47B00BF6135 /* SettingsScreen.swift in Sources */,
				898337F72A55506100A815B7 /* ReadData.swift in Sources */,
				89A4A9F82A57F49600BF6135 /* ColorItemView.swift in Sources */,
				89B5563B2A5A7F4500F1780C /* ColorViewModel.swift in Sources */,
			);
			runOnlyForDeploymentPostprocessing = 0;
		};
/* End PBXSourcesBuildPhase section */

/* Begin PBXVariantGroup section */
		8982F4532AAC62FD00FA2718 /* SplashScreen.storyboard */ = {
			isa = PBXVariantGroup;
			children = (
				8982F4522AAC62FD00FA2718 /* Base */,
				8982F4552AAC630000FA2718 /* zh-Hans */,
				8982F4572AAC630000FA2718 /* en */,
			);
			name = SplashScreen.storyboard;
			sourceTree = "<group>";
		};
		89D0F92B2AAC083200E6FA08 /* Localizable.strings */ = {
			isa = PBXVariantGroup;
			children = (
				89D0F92A2AAC083200E6FA08 /* en */,
				89D0F92C2AAC083B00E6FA08 /* zh-Hans */,
			);
			name = Localizable.strings;
			sourceTree = "<group>";
		};
/* End PBXVariantGroup section */

/* Begin XCBuildConfiguration section */
		89A2F5A12A53E5E600C59108 /* Debug */ = {
			isa = XCBuildConfiguration;
			buildSettings = {
				ALWAYS_SEARCH_USER_PATHS = NO;
				CLANG_ANALYZER_NONNULL = YES;
				CLANG_ANALYZER_NUMBER_OBJECT_CONVERSION = YES_AGGRESSIVE;
				CLANG_CXX_LANGUAGE_STANDARD = "gnu++20";
				CLANG_ENABLE_MODULES = YES;
				CLANG_ENABLE_OBJC_ARC = YES;
				CLANG_ENABLE_OBJC_WEAK = YES;
				CLANG_WARN_BLOCK_CAPTURE_AUTORELEASING = YES;
				CLANG_WARN_BOOL_CONVERSION = YES;
				CLANG_WARN_COMMA = YES;
				CLANG_WARN_CONSTANT_CONVERSION = YES;
				CLANG_WARN_DEPRECATED_OBJC_IMPLEMENTATIONS = YES;
				CLANG_WARN_DIRECT_OBJC_ISA_USAGE = YES_ERROR;
				CLANG_WARN_DOCUMENTATION_COMMENTS = YES;
				CLANG_WARN_EMPTY_BODY = YES;
				CLANG_WARN_ENUM_CONVERSION = YES;
				CLANG_WARN_INFINITE_RECURSION = YES;
				CLANG_WARN_INT_CONVERSION = YES;
				CLANG_WARN_NON_LITERAL_NULL_CONVERSION = YES;
				CLANG_WARN_OBJC_IMPLICIT_RETAIN_SELF = YES;
				CLANG_WARN_OBJC_LITERAL_CONVERSION = YES;
				CLANG_WARN_OBJC_ROOT_CLASS = YES_ERROR;
				CLANG_WARN_QUOTED_INCLUDE_IN_FRAMEWORK_HEADER = YES;
				CLANG_WARN_RANGE_LOOP_ANALYSIS = YES;
				CLANG_WARN_STRICT_PROTOTYPES = YES;
				CLANG_WARN_SUSPICIOUS_MOVE = YES;
				CLANG_WARN_UNGUARDED_AVAILABILITY = YES_AGGRESSIVE;
				CLANG_WARN_UNREACHABLE_CODE = YES;
				CLANG_WARN__DUPLICATE_METHOD_MATCH = YES;
				COPY_PHASE_STRIP = NO;
				DEBUG_INFORMATION_FORMAT = dwarf;
				ENABLE_STRICT_OBJC_MSGSEND = YES;
				ENABLE_TESTABILITY = YES;
				GCC_C_LANGUAGE_STANDARD = gnu11;
				GCC_DYNAMIC_NO_PIC = NO;
				GCC_NO_COMMON_BLOCKS = YES;
				GCC_OPTIMIZATION_LEVEL = 0;
				GCC_PREPROCESSOR_DEFINITIONS = (
					"DEBUG=1",
					"$(inherited)",
				);
				GCC_WARN_64_TO_32_BIT_CONVERSION = YES;
				GCC_WARN_ABOUT_RETURN_TYPE = YES_ERROR;
				GCC_WARN_UNDECLARED_SELECTOR = YES;
				GCC_WARN_UNINITIALIZED_AUTOS = YES_AGGRESSIVE;
				GCC_WARN_UNUSED_FUNCTION = YES;
				GCC_WARN_UNUSED_VARIABLE = YES;
				MTL_ENABLE_DEBUG_INFO = INCLUDE_SOURCE;
				MTL_FAST_MATH = YES;
				ONLY_ACTIVE_ARCH = YES;
				SWIFT_ACTIVE_COMPILATION_CONDITIONS = DEBUG;
				SWIFT_OPTIMIZATION_LEVEL = "-Onone";
			};
			name = Debug;
		};
		89A2F5A22A53E5E600C59108 /* Release */ = {
			isa = XCBuildConfiguration;
			buildSettings = {
				ALWAYS_SEARCH_USER_PATHS = NO;
				CLANG_ANALYZER_NONNULL = YES;
				CLANG_ANALYZER_NUMBER_OBJECT_CONVERSION = YES_AGGRESSIVE;
				CLANG_CXX_LANGUAGE_STANDARD = "gnu++20";
				CLANG_ENABLE_MODULES = YES;
				CLANG_ENABLE_OBJC_ARC = YES;
				CLANG_ENABLE_OBJC_WEAK = YES;
				CLANG_WARN_BLOCK_CAPTURE_AUTORELEASING = YES;
				CLANG_WARN_BOOL_CONVERSION = YES;
				CLANG_WARN_COMMA = YES;
				CLANG_WARN_CONSTANT_CONVERSION = YES;
				CLANG_WARN_DEPRECATED_OBJC_IMPLEMENTATIONS = YES;
				CLANG_WARN_DIRECT_OBJC_ISA_USAGE = YES_ERROR;
				CLANG_WARN_DOCUMENTATION_COMMENTS = YES;
				CLANG_WARN_EMPTY_BODY = YES;
				CLANG_WARN_ENUM_CONVERSION = YES;
				CLANG_WARN_INFINITE_RECURSION = YES;
				CLANG_WARN_INT_CONVERSION = YES;
				CLANG_WARN_NON_LITERAL_NULL_CONVERSION = YES;
				CLANG_WARN_OBJC_IMPLICIT_RETAIN_SELF = YES;
				CLANG_WARN_OBJC_LITERAL_CONVERSION = YES;
				CLANG_WARN_OBJC_ROOT_CLASS = YES_ERROR;
				CLANG_WARN_QUOTED_INCLUDE_IN_FRAMEWORK_HEADER = YES;
				CLANG_WARN_RANGE_LOOP_ANALYSIS = YES;
				CLANG_WARN_STRICT_PROTOTYPES = YES;
				CLANG_WARN_SUSPICIOUS_MOVE = YES;
				CLANG_WARN_UNGUARDED_AVAILABILITY = YES_AGGRESSIVE;
				CLANG_WARN_UNREACHABLE_CODE = YES;
				CLANG_WARN__DUPLICATE_METHOD_MATCH = YES;
				COPY_PHASE_STRIP = NO;
				DEBUG_INFORMATION_FORMAT = "dwarf-with-dsym";
				ENABLE_NS_ASSERTIONS = NO;
				ENABLE_STRICT_OBJC_MSGSEND = YES;
				GCC_C_LANGUAGE_STANDARD = gnu11;
				GCC_NO_COMMON_BLOCKS = YES;
				GCC_WARN_64_TO_32_BIT_CONVERSION = YES;
				GCC_WARN_ABOUT_RETURN_TYPE = YES_ERROR;
				GCC_WARN_UNDECLARED_SELECTOR = YES;
				GCC_WARN_UNINITIALIZED_AUTOS = YES_AGGRESSIVE;
				GCC_WARN_UNUSED_FUNCTION = YES;
				GCC_WARN_UNUSED_VARIABLE = YES;
				MTL_ENABLE_DEBUG_INFO = NO;
				MTL_FAST_MATH = YES;
				SWIFT_COMPILATION_MODE = wholemodule;
				SWIFT_OPTIMIZATION_LEVEL = "-O";
			};
			name = Release;
		};
		89A2F5A42A53E5E600C59108 /* Debug */ = {
			isa = XCBuildConfiguration;
			buildSettings = {
				ASSETCATALOG_COMPILER_APPICON_NAME = AppIcon;
				ASSETCATALOG_COMPILER_GLOBAL_ACCENT_COLOR_NAME = AccentColor;
				CODE_SIGN_ENTITLEMENTS = OriginalColor/OriginalColor.entitlements;
				CODE_SIGN_STYLE = Automatic;
				CURRENT_PROJECT_VERSION = 2;
				DEVELOPMENT_ASSET_PATHS = "\"OriginalColor/Preview Content\"";
				DEVELOPMENT_TEAM = WBP6AHK55F;
				ENABLE_PREVIEWS = YES;
				GENERATE_INFOPLIST_FILE = YES;
				INFOPLIST_FILE = OriginalColor/Info.plist;
				INFOPLIST_KEY_UIApplicationSceneManifest_Generation = YES;
				"INFOPLIST_KEY_UIApplicationSceneManifest_Generation[sdk=iphoneos*]" = YES;
				"INFOPLIST_KEY_UIApplicationSceneManifest_Generation[sdk=iphonesimulator*]" = YES;
				INFOPLIST_KEY_UIApplicationSupportsIndirectInputEvents = YES;
				"INFOPLIST_KEY_UIApplicationSupportsIndirectInputEvents[sdk=iphoneos*]" = YES;
				"INFOPLIST_KEY_UIApplicationSupportsIndirectInputEvents[sdk=iphonesimulator*]" = YES;
				INFOPLIST_KEY_UILaunchScreen_Generation = YES;
				"INFOPLIST_KEY_UILaunchScreen_Generation[sdk=iphoneos*]" = YES;
				"INFOPLIST_KEY_UILaunchScreen_Generation[sdk=iphonesimulator*]" = YES;
				INFOPLIST_KEY_UILaunchStoryboardName = SplashScreen.storyboard;
				INFOPLIST_KEY_UIStatusBarStyle = UIStatusBarStyleDefault;
				"INFOPLIST_KEY_UIStatusBarStyle[sdk=iphoneos*]" = UIStatusBarStyleDefault;
				"INFOPLIST_KEY_UIStatusBarStyle[sdk=iphonesimulator*]" = UIStatusBarStyleDefault;
				INFOPLIST_KEY_UISupportedInterfaceOrientations = UIInterfaceOrientationPortrait;
				INFOPLIST_KEY_UISupportedInterfaceOrientations_iPad = "UIInterfaceOrientationLandscapeLeft UIInterfaceOrientationLandscapeRight UIInterfaceOrientationPortrait UIInterfaceOrientationPortraitUpsideDown";
				IPHONEOS_DEPLOYMENT_TARGET = 16.2;
				LD_RUNPATH_SEARCH_PATHS = "@executable_path/Frameworks";
				"LD_RUNPATH_SEARCH_PATHS[sdk=macosx*]" = "@executable_path/../Frameworks";
				MACOSX_DEPLOYMENT_TARGET = 12.6;
				MARKETING_VERSION = 2.0;
				PRODUCT_BUNDLE_IDENTIFIER = com.wzl.originalcolor.OriginalColor;
				PRODUCT_NAME = "$(TARGET_NAME)";
				SDKROOT = iphoneos;
				SUPPORTED_PLATFORMS = "iphoneos iphonesimulator";
				SUPPORTS_MACCATALYST = NO;
				SUPPORTS_MAC_DESIGNED_FOR_IPHONE_IPAD = NO;
				SWIFT_EMIT_LOC_STRINGS = YES;
				SWIFT_VERSION = 5.0;
				TARGETED_DEVICE_FAMILY = "1,2";
			};
			name = Debug;
		};
		89A2F5A52A53E5E600C59108 /* Release */ = {
			isa = XCBuildConfiguration;
			buildSettings = {
				ASSETCATALOG_COMPILER_APPICON_NAME = AppIcon;
				ASSETCATALOG_COMPILER_GLOBAL_ACCENT_COLOR_NAME = AccentColor;
				CODE_SIGN_ENTITLEMENTS = OriginalColor/OriginalColor.entitlements;
				CODE_SIGN_STYLE = Automatic;
				CURRENT_PROJECT_VERSION = 2;
				DEVELOPMENT_ASSET_PATHS = "\"OriginalColor/Preview Content\"";
				DEVELOPMENT_TEAM = WBP6AHK55F;
				ENABLE_PREVIEWS = YES;
				GENERATE_INFOPLIST_FILE = YES;
				INFOPLIST_FILE = OriginalColor/Info.plist;
				INFOPLIST_KEY_UIApplicationSceneManifest_Generation = YES;
				"INFOPLIST_KEY_UIApplicationSceneManifest_Generation[sdk=iphoneos*]" = YES;
				"INFOPLIST_KEY_UIApplicationSceneManifest_Generation[sdk=iphonesimulator*]" = YES;
				INFOPLIST_KEY_UIApplicationSupportsIndirectInputEvents = YES;
				"INFOPLIST_KEY_UIApplicationSupportsIndirectInputEvents[sdk=iphoneos*]" = YES;
				"INFOPLIST_KEY_UIApplicationSupportsIndirectInputEvents[sdk=iphonesimulator*]" = YES;
				INFOPLIST_KEY_UILaunchScreen_Generation = YES;
				"INFOPLIST_KEY_UILaunchScreen_Generation[sdk=iphoneos*]" = YES;
				"INFOPLIST_KEY_UILaunchScreen_Generation[sdk=iphonesimulator*]" = YES;
				INFOPLIST_KEY_UILaunchStoryboardName = SplashScreen.storyboard;
				INFOPLIST_KEY_UIStatusBarStyle = UIStatusBarStyleDefault;
				"INFOPLIST_KEY_UIStatusBarStyle[sdk=iphoneos*]" = UIStatusBarStyleDefault;
				"INFOPLIST_KEY_UIStatusBarStyle[sdk=iphonesimulator*]" = UIStatusBarStyleDefault;
				INFOPLIST_KEY_UISupportedInterfaceOrientations = UIInterfaceOrientationPortrait;
				INFOPLIST_KEY_UISupportedInterfaceOrientations_iPad = "UIInterfaceOrientationLandscapeLeft UIInterfaceOrientationLandscapeRight UIInterfaceOrientationPortrait UIInterfaceOrientationPortraitUpsideDown";
				IPHONEOS_DEPLOYMENT_TARGET = 16.2;
				LD_RUNPATH_SEARCH_PATHS = "@executable_path/Frameworks";
				"LD_RUNPATH_SEARCH_PATHS[sdk=macosx*]" = "@executable_path/../Frameworks";
				MACOSX_DEPLOYMENT_TARGET = 12.6;
				MARKETING_VERSION = 2.0;
				PRODUCT_BUNDLE_IDENTIFIER = com.wzl.originalcolor.OriginalColor;
				PRODUCT_NAME = "$(TARGET_NAME)";
				SDKROOT = iphoneos;
				SUPPORTED_PLATFORMS = "iphoneos iphonesimulator";
				SUPPORTS_MACCATALYST = NO;
				SUPPORTS_MAC_DESIGNED_FOR_IPHONE_IPAD = NO;
				SWIFT_EMIT_LOC_STRINGS = YES;
				SWIFT_VERSION = 5.0;
				TARGETED_DEVICE_FAMILY = "1,2";
			};
			name = Release;
		};
/* End XCBuildConfiguration section */

/* Begin XCConfigurationList section */
		89A2F58F2A53E5E500C59108 /* Build configuration list for PBXProject "OriginalColor" */ = {
			isa = XCConfigurationList;
			buildConfigurations = (
				89A2F5A12A53E5E600C59108 /* Debug */,
				89A2F5A22A53E5E600C59108 /* Release */,
			);
			defaultConfigurationIsVisible = 0;
			defaultConfigurationName = Release;
		};
		89A2F5A32A53E5E600C59108 /* Build configuration list for PBXNativeTarget "OriginalColor" */ = {
			isa = XCConfigurationList;
			buildConfigurations = (
				89A2F5A42A53E5E600C59108 /* Debug */,
				89A2F5A52A53E5E600C59108 /* Release */,
			);
			defaultConfigurationIsVisible = 0;
			defaultConfigurationName = Release;
		};
/* End XCConfigurationList section */
	};
	rootObject = 89A2F58C2A53E5E500C59108 /* Project object */;
}
